
Microsoft Visual Studio Solution File, Format Version 12.00
# Visual Studio Version 17
VisualStudioVersion = 17.11.35327.3
MinimumVisualStudioVersion = 10.0.40219.1
Project("{9A19103F-16F7-4668-BE54-9A1E7A4F7556}") = "AspWebProject", "AspWebProject\AspWebProject.csproj", "{B626DF78-4875-4021-859D-BB20F94C13F6}"
EndProject
Project("{9A19103F-16F7-4668-BE54-9A1E7A4F7556}") = "RateLimit.API", "RateLimit.API\RateLimit.API.csproj", "{C0075342-FC3E-4A5B-B06F-EA45037047F4}"
EndProject
Project("{FAE04EC0-301F-11D3-BF4B-00C04F79EFBC}") = "SmidgeApp.Web", "SmidgeApp.Web\SmidgeApp.Web.csproj", "{DD1B167E-AEBE-49F0-952B-48662CC6F06D}"
EndProject
Global
	GlobalSection(SolutionConfigurationPlatforms) = preSolution
		Debug|Any CPU = Debug|Any CPU
		Release|Any CPU = Release|Any CPU
	EndGlobalSection
	GlobalSection(ProjectConfigurationPlatforms) = postSolution
		{B626DF78-4875-4021-859D-BB20F94C13F6}.Debug|Any CPU.ActiveCfg = Debug|Any CPU
		{B626DF78-4875-4021-859D-BB20F94C13F6}.Debug|Any CPU.Build.0 = Debug|Any CPU
		{B626DF78-4875-4021-859D-BB20F94C13F6}.Release|Any CPU.ActiveCfg = Release|Any CPU
		{B626DF78-4875-4021-859D-BB20F94C13F6}.Release|Any CPU.Build.0 = Release|Any CPU
		{C0075342-FC3E-4A5B-B06F-EA45037047F4}.Debug|Any CPU.ActiveCfg = Debug|Any CPU
		{C0075342-FC3E-4A5B-B06F-EA45037047F4}.Debug|Any CPU.Build.0 = Debug|Any CPU
		{C0075342-FC3E-4A5B-B06F-EA45037047F4}.Release|Any CPU.ActiveCfg = Release|Any CPU
		{C0075342-FC3E-4A5B-B06F-EA45037047F4}.Release|Any CPU.Build.0 = Release|Any CPU
		{DD1B167E-AEBE-49F0-952B-48662CC6F06D}.Debug|Any CPU.ActiveCfg = Debug|Any CPU
		{DD1B167E-AEBE-49F0-952B-48662CC6F06D}.Debug|Any CPU.Build.0 = Debug|Any CPU
		{DD1B167E-AEBE-49F0-952B-48662CC6F06D}.Release|Any CPU.ActiveCfg = Release|Any CPU
		{DD1B167E-AEBE-49F0-952B-48662CC6F06D}.Release|Any CPU.Build.0 = Release|Any CPU
	EndGlobalSection
	GlobalSection(SolutionProperties) = preSolution
		HideSolutionNode = FALSE
	EndGlobalSection
	GlobalSection(ExtensibilityGlobals) = postSolution
		SolutionGuid = {837D2556-AF25-41C6-A750-0E4770582B93}
	EndGlobalSection
EndGlobal
